// !$*UTF8*$!
{
	archiveVersion = 1;
	classes = {
	};
	objectVersion = 56;
	objects = {

/* Begin PBXBuildFile section */
		159D8BFF2BC9F3120075DCB5 /* Assets.xcassets in Resources */ = {isa = PBXBuildFile; fileRef = 159D8BFE2BC9F3120075DCB5 /* Assets.xcassets */; };
		159D8C022BCA9CF10075DCB5 /* Alamofire in Frameworks */ = {isa = PBXBuildFile; productRef = 159D8C012BCA9CF10075DCB5 /* Alamofire */; };
		159D8C052BCA9D020075DCB5 /* SnapKit in Frameworks */ = {isa = PBXBuildFile; productRef = 159D8C042BCA9D020075DCB5 /* SnapKit */; };
		159D8C082BCA9D140075DCB5 /* AlamofireImage in Frameworks */ = {isa = PBXBuildFile; productRef = 159D8C072BCA9D140075DCB5 /* AlamofireImage */; };
		15B8FF4B2BC03AAE005E3562 /* NewOrderViewController.swift in Sources */ = {isa = PBXBuildFile; fileRef = 15B8FF4A2BC03AAE005E3562 /* NewOrderViewController.swift */; };
		15B8FF4D2BC040FE005E3562 /* NewOrderView.swift in Sources */ = {isa = PBXBuildFile; fileRef = 15B8FF4C2BC040FE005E3562 /* NewOrderView.swift */; };
		15B8FF4F2BC41138005E3562 /* LoginModel.swift in Sources */ = {isa = PBXBuildFile; fileRef = 15B8FF4E2BC41138005E3562 /* LoginModel.swift */; };
		15B8FF512BC414B7005E3562 /* Order.swift in Sources */ = {isa = PBXBuildFile; fileRef = 15B8FF502BC414B7005E3562 /* Order.swift */; };
		15B8FF532BC5702A005E3562 /* CreateOrder.swift in Sources */ = {isa = PBXBuildFile; fileRef = 15B8FF522BC5702A005E3562 /* CreateOrder.swift */; };
		15B8FF552BC595DB005E3562 /* DishesMenuViewControllerController.swift in Sources */ = {isa = PBXBuildFile; fileRef = 15B8FF542BC595DB005E3562 /* DishesMenuViewControllerController.swift */; };
		15B8FF5C2BC6C221005E3562 /* SimilarAdressTable.swift in Sources */ = {isa = PBXBuildFile; fileRef = 15B8FF5B2BC6C220005E3562 /* SimilarAdressTable.swift */; };
		15E908CD2BBC49950086E9F5 /* AppDelegate.swift in Sources */ = {isa = PBXBuildFile; fileRef = 15E908CC2BBC49950086E9F5 /* AppDelegate.swift */; };
		15E908CF2BBC49950086E9F5 /* SceneDelegate.swift in Sources */ = {isa = PBXBuildFile; fileRef = 15E908CE2BBC49950086E9F5 /* SceneDelegate.swift */; };
		15E908D42BBC49950086E9F5 /* Main.storyboard in Resources */ = {isa = PBXBuildFile; fileRef = 15E908D22BBC49950086E9F5 /* Main.storyboard */; };
		15E908D92BBC49970086E9F5 /* LaunchScreen.storyboard in Resources */ = {isa = PBXBuildFile; fileRef = 15E908D72BBC49970086E9F5 /* LaunchScreen.storyboard */; };
		15E908E42BBC4E4D0086E9F5 /* OrderViewController.swift in Sources */ = {isa = PBXBuildFile; fileRef = 15E908E32BBC4E4D0086E9F5 /* OrderViewController.swift */; };
		15E908E72BBC51330086E9F5 /* AllOrdersView.swift in Sources */ = {isa = PBXBuildFile; fileRef = 15E908E62BBC51330086E9F5 /* AllOrdersView.swift */; };
/* End PBXBuildFile section */

/* Begin PBXFileReference section */
		159D8BFE2BC9F3120075DCB5 /* Assets.xcassets */ = {isa = PBXFileReference; lastKnownFileType = folder.assetcatalog; path = Assets.xcassets; sourceTree = "<group>"; };
		15B8FF4A2BC03AAE005E3562 /* NewOrderViewController.swift */ = {isa = PBXFileReference; lastKnownFileType = sourcecode.swift; path = NewOrderViewController.swift; sourceTree = "<group>"; };
		15B8FF4C2BC040FE005E3562 /* NewOrderView.swift */ = {isa = PBXFileReference; lastKnownFileType = sourcecode.swift; path = NewOrderView.swift; sourceTree = "<group>"; };
		15B8FF4E2BC41138005E3562 /* LoginModel.swift */ = {isa = PBXFileReference; lastKnownFileType = sourcecode.swift; path = LoginModel.swift; sourceTree = "<group>"; };
		15B8FF502BC414B7005E3562 /* Order.swift */ = {isa = PBXFileReference; lastKnownFileType = sourcecode.swift; path = Order.swift; sourceTree = "<group>"; };
		15B8FF522BC5702A005E3562 /* CreateOrder.swift */ = {isa = PBXFileReference; lastKnownFileType = sourcecode.swift; path = CreateOrder.swift; sourceTree = "<group>"; };
		15B8FF542BC595DB005E3562 /* DishesMenuViewControllerController.swift */ = {isa = PBXFileReference; lastKnownFileType = sourcecode.swift; path = DishesMenuViewControllerController.swift; sourceTree = "<group>"; };
		15B8FF5B2BC6C220005E3562 /* SimilarAdressTable.swift */ = {isa = PBXFileReference; lastKnownFileType = sourcecode.swift; path = SimilarAdressTable.swift; sourceTree = "<group>"; };
		15E908C92BBC49950086E9F5 /* rollsApp.app */ = {isa = PBXFileReference; explicitFileType = wrapper.application; includeInIndex = 0; path = rollsApp.app; sourceTree = BUILT_PRODUCTS_DIR; };
		15E908CC2BBC49950086E9F5 /* AppDelegate.swift */ = {isa = PBXFileReference; lastKnownFileType = sourcecode.swift; path = AppDelegate.swift; sourceTree = "<group>"; };
		15E908CE2BBC49950086E9F5 /* SceneDelegate.swift */ = {isa = PBXFileReference; lastKnownFileType = sourcecode.swift; path = SceneDelegate.swift; sourceTree = "<group>"; };
		15E908D32BBC49950086E9F5 /* Base */ = {isa = PBXFileReference; lastKnownFileType = file.storyboard; name = Base; path = Base.lproj/Main.storyboard; sourceTree = "<group>"; };
		15E908D82BBC49970086E9F5 /* Base */ = {isa = PBXFileReference; lastKnownFileType = file.storyboard; name = Base; path = Base.lproj/LaunchScreen.storyboard; sourceTree = "<group>"; };
		15E908DA2BBC49970086E9F5 /* Info.plist */ = {isa = PBXFileReference; lastKnownFileType = text.plist.xml; path = Info.plist; sourceTree = "<group>"; };
		15E908E32BBC4E4D0086E9F5 /* OrderViewController.swift */ = {isa = PBXFileReference; lastKnownFileType = sourcecode.swift; path = OrderViewController.swift; sourceTree = "<group>"; };
		15E908E62BBC51330086E9F5 /* AllOrdersView.swift */ = {isa = PBXFileReference; lastKnownFileType = sourcecode.swift; path = AllOrdersView.swift; sourceTree = "<group>"; };
/* End PBXFileReference section */

/* Begin PBXFrameworksBuildPhase section */
		15E908C62BBC49950086E9F5 /* Frameworks */ = {
			isa = PBXFrameworksBuildPhase;
			buildActionMask = 2147483647;
			files = (
				159D8C022BCA9CF10075DCB5 /* Alamofire in Frameworks */,
				159D8C052BCA9D020075DCB5 /* SnapKit in Frameworks */,
				159D8C082BCA9D140075DCB5 /* AlamofireImage in Frameworks */,
			);
			runOnlyForDeploymentPostprocessing = 0;
		};
/* End PBXFrameworksBuildPhase section */

/* Begin PBXGroup section */
		15E908C02BBC49950086E9F5 = {
			isa = PBXGroup;
			children = (
				15E908CB2BBC49950086E9F5 /* rollsApp */,
				15E908CA2BBC49950086E9F5 /* Products */,
			);
			sourceTree = "<group>";
		};
		15E908CA2BBC49950086E9F5 /* Products */ = {
			isa = PBXGroup;
			children = (
				15E908C92BBC49950086E9F5 /* rollsApp.app */,
			);
			name = Products;
			sourceTree = "<group>";
		};
		15E908CB2BBC49950086E9F5 /* rollsApp */ = {
			isa = PBXGroup;
			children = (
				15E908E52BBC50870086E9F5 /* Dops */,
				15E908E22BBC4B0D0086E9F5 /* Model */,
				15E908E12BBC4B080086E9F5 /* View */,
				15E908E02BBC4B030086E9F5 /* Controller */,
			);
			path = rollsApp;
			sourceTree = "<group>";
		};
		15E908E02BBC4B030086E9F5 /* Controller */ = {
			isa = PBXGroup;
			children = (
				15E908E32BBC4E4D0086E9F5 /* OrderViewController.swift */,
				15B8FF4A2BC03AAE005E3562 /* NewOrderViewController.swift */,
				15B8FF542BC595DB005E3562 /* DishesMenuViewControllerController.swift */,
			);
			path = Controller;
			sourceTree = "<group>";
		};
		15E908E12BBC4B080086E9F5 /* View */ = {
			isa = PBXGroup;
			children = (
				15E908E62BBC51330086E9F5 /* AllOrdersView.swift */,
				15B8FF4C2BC040FE005E3562 /* NewOrderView.swift */,
				15B8FF5B2BC6C220005E3562 /* SimilarAdressTable.swift */,
			);
			path = View;
			sourceTree = "<group>";
		};
		15E908E22BBC4B0D0086E9F5 /* Model */ = {
			isa = PBXGroup;
			children = (
				15B8FF4E2BC41138005E3562 /* LoginModel.swift */,
				15B8FF502BC414B7005E3562 /* Order.swift */,
				15B8FF522BC5702A005E3562 /* CreateOrder.swift */,
			);
			path = Model;
			sourceTree = "<group>";
		};
		15E908E52BBC50870086E9F5 /* Dops */ = {
			isa = PBXGroup;
			children = (
				15E908D72BBC49970086E9F5 /* LaunchScreen.storyboard */,
				159D8BFE2BC9F3120075DCB5 /* Assets.xcassets */,
				15E908D22BBC49950086E9F5 /* Main.storyboard */,
				15E908CE2BBC49950086E9F5 /* SceneDelegate.swift */,
				15E908DA2BBC49970086E9F5 /* Info.plist */,
				15E908CC2BBC49950086E9F5 /* AppDelegate.swift */,
			);
			path = Dops;
			sourceTree = "<group>";
		};
/* End PBXGroup section */

/* Begin PBXNativeTarget section */
		15E908C82BBC49950086E9F5 /* rollsApp */ = {
			isa = PBXNativeTarget;
			buildConfigurationList = 15E908DD2BBC49970086E9F5 /* Build configuration list for PBXNativeTarget "rollsApp" */;
			buildPhases = (
				15E908C52BBC49950086E9F5 /* Sources */,
				15E908C62BBC49950086E9F5 /* Frameworks */,
				15E908C72BBC49950086E9F5 /* Resources */,
			);
			buildRules = (
			);
			dependencies = (
			);
			name = rollsApp;
			packageProductDependencies = (
				159D8C012BCA9CF10075DCB5 /* Alamofire */,
				159D8C042BCA9D020075DCB5 /* SnapKit */,
				159D8C072BCA9D140075DCB5 /* AlamofireImage */,
			);
			productName = rollsApp;
			productReference = 15E908C92BBC49950086E9F5 /* rollsApp.app */;
			productType = "com.apple.product-type.application";
		};
/* End PBXNativeTarget section */

/* Begin PBXProject section */
		15E908C12BBC49950086E9F5 /* Project object */ = {
			isa = PBXProject;
			attributes = {
				BuildIndependentTargetsInParallel = 1;
				LastSwiftUpdateCheck = 1520;
				LastUpgradeCheck = 1520;
				TargetAttributes = {
					15E908C82BBC49950086E9F5 = {
						CreatedOnToolsVersion = 15.2;
					};
				};
			};
			buildConfigurationList = 15E908C42BBC49950086E9F5 /* Build configuration list for PBXProject "rollsApp" */;
			compatibilityVersion = "Xcode 14.0";
			developmentRegion = en;
			hasScannedForEncodings = 0;
			knownRegions = (
				en,
				Base,
			);
			mainGroup = 15E908C02BBC49950086E9F5;
			packageReferences = (
				159D8C002BCA9CF10075DCB5 /* XCRemoteSwiftPackageReference "Alamofire" */,
				159D8C032BCA9D020075DCB5 /* XCRemoteSwiftPackageReference "SnapKit" */,
				159D8C062BCA9D140075DCB5 /* XCRemoteSwiftPackageReference "AlamofireImage" */,
			);
			productRefGroup = 15E908CA2BBC49950086E9F5 /* Products */;
			projectDirPath = "";
			projectRoot = "";
			targets = (
				15E908C82BBC49950086E9F5 /* rollsApp */,
			);
		};
/* End PBXProject section */

/* Begin PBXResourcesBuildPhase section */
		15E908C72BBC49950086E9F5 /* Resources */ = {
			isa = PBXResourcesBuildPhase;
			buildActionMask = 2147483647;
			files = (
				15E908D92BBC49970086E9F5 /* LaunchScreen.storyboard in Resources */,
				159D8BFF2BC9F3120075DCB5 /* Assets.xcassets in Resources */,
				15E908D42BBC49950086E9F5 /* Main.storyboard in Resources */,
			);
			runOnlyForDeploymentPostprocessing = 0;
		};
/* End PBXResourcesBuildPhase section */

/* Begin PBXSourcesBuildPhase section */
		15E908C52BBC49950086E9F5 /* Sources */ = {
			isa = PBXSourcesBuildPhase;
			buildActionMask = 2147483647;
			files = (
				15B8FF5C2BC6C221005E3562 /* SimilarAdressTable.swift in Sources */,
				15B8FF532BC5702A005E3562 /* CreateOrder.swift in Sources */,
				15B8FF4B2BC03AAE005E3562 /* NewOrderViewController.swift in Sources */,
				15E908CD2BBC49950086E9F5 /* AppDelegate.swift in Sources */,
				15B8FF512BC414B7005E3562 /* Order.swift in Sources */,
				15E908E72BBC51330086E9F5 /* AllOrdersView.swift in Sources */,
				15B8FF4D2BC040FE005E3562 /* NewOrderView.swift in Sources */,
				15B8FF4F2BC41138005E3562 /* LoginModel.swift in Sources */,
				15B8FF552BC595DB005E3562 /* DishesMenuViewControllerController.swift in Sources */,
				15E908CF2BBC49950086E9F5 /* SceneDelegate.swift in Sources */,
				15E908E42BBC4E4D0086E9F5 /* OrderViewController.swift in Sources */,
			);
			runOnlyForDeploymentPostprocessing = 0;
		};
/* End PBXSourcesBuildPhase section */

/* Begin PBXVariantGroup section */
		15E908D22BBC49950086E9F5 /* Main.storyboard */ = {
			isa = PBXVariantGroup;
			children = (
				15E908D32BBC49950086E9F5 /* Base */,
			);
			name = Main.storyboard;
			sourceTree = "<group>";
		};
		15E908D72BBC49970086E9F5 /* LaunchScreen.storyboard */ = {
			isa = PBXVariantGroup;
			children = (
				15E908D82BBC49970086E9F5 /* Base */,
			);
			name = LaunchScreen.storyboard;
			sourceTree = "<group>";
		};
/* End PBXVariantGroup section */

/* Begin XCBuildConfiguration section */
		15E908DB2BBC49970086E9F5 /* Debug */ = {
			isa = XCBuildConfiguration;
			buildSettings = {
				ALWAYS_SEARCH_USER_PATHS = NO;
				ASSETCATALOG_COMPILER_GENERATE_SWIFT_ASSET_SYMBOL_EXTENSIONS = YES;
				CLANG_ANALYZER_NONNULL = YES;
				CLANG_ANALYZER_NUMBER_OBJECT_CONVERSION = YES_AGGRESSIVE;
				CLANG_CXX_LANGUAGE_STANDARD = "gnu++20";
				CLANG_ENABLE_MODULES = YES;
				CLANG_ENABLE_OBJC_ARC = YES;
				CLANG_ENABLE_OBJC_WEAK = YES;
				CLANG_WARN_BLOCK_CAPTURE_AUTORELEASING = YES;
				CLANG_WARN_BOOL_CONVERSION = YES;
				CLANG_WARN_COMMA = YES;
				CLANG_WARN_CONSTANT_CONVERSION = YES;
				CLANG_WARN_DEPRECATED_OBJC_IMPLEMENTATIONS = YES;
				CLANG_WARN_DIRECT_OBJC_ISA_USAGE = YES_ERROR;
				CLANG_WARN_DOCUMENTATION_COMMENTS = YES;
				CLANG_WARN_EMPTY_BODY = YES;
				CLANG_WARN_ENUM_CONVERSION = YES;
				CLANG_WARN_INFINITE_RECURSION = YES;
				CLANG_WARN_INT_CONVERSION = YES;
				CLANG_WARN_NON_LITERAL_NULL_CONVERSION = YES;
				CLANG_WARN_OBJC_IMPLICIT_RETAIN_SELF = YES;
				CLANG_WARN_OBJC_LITERAL_CONVERSION = YES;
				CLANG_WARN_OBJC_ROOT_CLASS = YES_ERROR;
				CLANG_WARN_QUOTED_INCLUDE_IN_FRAMEWORK_HEADER = YES;
				CLANG_WARN_RANGE_LOOP_ANALYSIS = YES;
				CLANG_WARN_STRICT_PROTOTYPES = YES;
				CLANG_WARN_SUSPICIOUS_MOVE = YES;
				CLANG_WARN_UNGUARDED_AVAILABILITY = YES_AGGRESSIVE;
				CLANG_WARN_UNREACHABLE_CODE = YES;
				CLANG_WARN__DUPLICATE_METHOD_MATCH = YES;
				COPY_PHASE_STRIP = NO;
				DEBUG_INFORMATION_FORMAT = dwarf;
				ENABLE_STRICT_OBJC_MSGSEND = YES;
				ENABLE_TESTABILITY = YES;
				ENABLE_USER_SCRIPT_SANDBOXING = YES;
				GCC_C_LANGUAGE_STANDARD = gnu17;
				GCC_DYNAMIC_NO_PIC = NO;
				GCC_NO_COMMON_BLOCKS = YES;
				GCC_OPTIMIZATION_LEVEL = 0;
				GCC_PREPROCESSOR_DEFINITIONS = (
					"DEBUG=1",
					"$(inherited)",
				);
				GCC_WARN_64_TO_32_BIT_CONVERSION = YES;
				GCC_WARN_ABOUT_RETURN_TYPE = YES_ERROR;
				GCC_WARN_UNDECLARED_SELECTOR = YES;
				GCC_WARN_UNINITIALIZED_AUTOS = YES_AGGRESSIVE;
				GCC_WARN_UNUSED_FUNCTION = YES;
				GCC_WARN_UNUSED_VARIABLE = YES;
				IPHONEOS_DEPLOYMENT_TARGET = 17.2;
				LOCALIZATION_PREFERS_STRING_CATALOGS = YES;
				MTL_ENABLE_DEBUG_INFO = INCLUDE_SOURCE;
				MTL_FAST_MATH = YES;
				ONLY_ACTIVE_ARCH = YES;
				SDKROOT = iphoneos;
				SWIFT_ACTIVE_COMPILATION_CONDITIONS = "DEBUG $(inherited)";
				SWIFT_OPTIMIZATION_LEVEL = "-Onone";
			};
			name = Debug;
		};
		15E908DC2BBC49970086E9F5 /* Release */ = {
			isa = XCBuildConfiguration;
			buildSettings = {
				ALWAYS_SEARCH_USER_PATHS = NO;
				ASSETCATALOG_COMPILER_GENERATE_SWIFT_ASSET_SYMBOL_EXTENSIONS = YES;
				CLANG_ANALYZER_NONNULL = YES;
				CLANG_ANALYZER_NUMBER_OBJECT_CONVERSION = YES_AGGRESSIVE;
				CLANG_CXX_LANGUAGE_STANDARD = "gnu++20";
				CLANG_ENABLE_MODULES = YES;
				CLANG_ENABLE_OBJC_ARC = YES;
				CLANG_ENABLE_OBJC_WEAK = YES;
				CLANG_WARN_BLOCK_CAPTURE_AUTORELEASING = YES;
				CLANG_WARN_BOOL_CONVERSION = YES;
				CLANG_WARN_COMMA = YES;
				CLANG_WARN_CONSTANT_CONVERSION = YES;
				CLANG_WARN_DEPRECATED_OBJC_IMPLEMENTATIONS = YES;
				CLANG_WARN_DIRECT_OBJC_ISA_USAGE = YES_ERROR;
				CLANG_WARN_DOCUMENTATION_COMMENTS = YES;
				CLANG_WARN_EMPTY_BODY = YES;
				CLANG_WARN_ENUM_CONVERSION = YES;
				CLANG_WARN_INFINITE_RECURSION = YES;
				CLANG_WARN_INT_CONVERSION = YES;
				CLANG_WARN_NON_LITERAL_NULL_CONVERSION = YES;
				CLANG_WARN_OBJC_IMPLICIT_RETAIN_SELF = YES;
				CLANG_WARN_OBJC_LITERAL_CONVERSION = YES;
				CLANG_WARN_OBJC_ROOT_CLASS = YES_ERROR;
				CLANG_WARN_QUOTED_INCLUDE_IN_FRAMEWORK_HEADER = YES;
				CLANG_WARN_RANGE_LOOP_ANALYSIS = YES;
				CLANG_WARN_STRICT_PROTOTYPES = YES;
				CLANG_WARN_SUSPICIOUS_MOVE = YES;
				CLANG_WARN_UNGUARDED_AVAILABILITY = YES_AGGRESSIVE;
				CLANG_WARN_UNREACHABLE_CODE = YES;
				CLANG_WARN__DUPLICATE_METHOD_MATCH = YES;
				COPY_PHASE_STRIP = NO;
				DEBUG_INFORMATION_FORMAT = "dwarf-with-dsym";
				ENABLE_NS_ASSERTIONS = NO;
				ENABLE_STRICT_OBJC_MSGSEND = YES;
				ENABLE_USER_SCRIPT_SANDBOXING = YES;
				GCC_C_LANGUAGE_STANDARD = gnu17;
				GCC_NO_COMMON_BLOCKS = YES;
				GCC_WARN_64_TO_32_BIT_CONVERSION = YES;
				GCC_WARN_ABOUT_RETURN_TYPE = YES_ERROR;
				GCC_WARN_UNDECLARED_SELECTOR = YES;
				GCC_WARN_UNINITIALIZED_AUTOS = YES_AGGRESSIVE;
				GCC_WARN_UNUSED_FUNCTION = YES;
				GCC_WARN_UNUSED_VARIABLE = YES;
				IPHONEOS_DEPLOYMENT_TARGET = 17.2;
				LOCALIZATION_PREFERS_STRING_CATALOGS = YES;
				MTL_ENABLE_DEBUG_INFO = NO;
				MTL_FAST_MATH = YES;
				SDKROOT = iphoneos;
				SWIFT_COMPILATION_MODE = wholemodule;
				VALIDATE_PRODUCT = YES;
			};
			name = Release;
		};
		15E908DE2BBC49970086E9F5 /* Debug */ = {
			isa = XCBuildConfiguration;
			buildSettings = {
				ASSETCATALOG_COMPILER_APPICON_NAME = AppIcon;
				ASSETCATALOG_COMPILER_GLOBAL_ACCENT_COLOR_NAME = AccentColor;
				CODE_SIGN_STYLE = Automatic;
				CURRENT_PROJECT_VERSION = 1;
				DEVELOPMENT_TEAM = 6YA7577C98;
				GENERATE_INFOPLIST_FILE = YES;
				INFOPLIST_FILE = rollsApp/Dops/Info.plist;
				INFOPLIST_KEY_UIApplicationSupportsIndirectInputEvents = YES;
				INFOPLIST_KEY_UILaunchStoryboardName = LaunchScreen;
				INFOPLIST_KEY_UISupportedInterfaceOrientations_iPad = "UIInterfaceOrientationPortrait UIInterfaceOrientationPortraitUpsideDown UIInterfaceOrientationLandscapeLeft UIInterfaceOrientationLandscapeRight";
				INFOPLIST_KEY_UISupportedInterfaceOrientations_iPhone = "UIInterfaceOrientationPortrait UIInterfaceOrientationLandscapeLeft UIInterfaceOrientationLandscapeRight";
				IPHONEOS_DEPLOYMENT_TARGET = 16.0;
				LD_RUNPATH_SEARCH_PATHS = (
					"$(inherited)",
					"@executable_path/Frameworks",
				);
				MARKETING_VERSION = 1.0;
				PRODUCT_BUNDLE_IDENTIFIER = k.rollsApp;
				PRODUCT_NAME = "$(TARGET_NAME)";
				SUPPORTED_PLATFORMS = "iphoneos iphonesimulator";
				SUPPORTS_MACCATALYST = NO;
				SUPPORTS_MAC_DESIGNED_FOR_IPHONE_IPAD = NO;
				SUPPORTS_XR_DESIGNED_FOR_IPHONE_IPAD = NO;
				SWIFT_EMIT_LOC_STRINGS = YES;
				SWIFT_VERSION = 5.0;
				TARGETED_DEVICE_FAMILY = 1;
			};
			name = Debug;
		};
		15E908DF2BBC49970086E9F5 /* Release */ = {
			isa = XCBuildConfiguration;
			buildSettings = {
				ASSETCATALOG_COMPILER_APPICON_NAME = AppIcon;
				ASSETCATALOG_COMPILER_GLOBAL_ACCENT_COLOR_NAME = AccentColor;
				CODE_SIGN_STYLE = Automatic;
				CURRENT_PROJECT_VERSION = 1;
				DEVELOPMENT_TEAM = 6YA7577C98;
				GENERATE_INFOPLIST_FILE = YES;
				INFOPLIST_FILE = rollsApp/Dops/Info.plist;
				INFOPLIST_KEY_UIApplicationSupportsIndirectInputEvents = YES;
				INFOPLIST_KEY_UILaunchStoryboardName = LaunchScreen;
				INFOPLIST_KEY_UISupportedInterfaceOrientations_iPad = "UIInterfaceOrientationPortrait UIInterfaceOrientationPortraitUpsideDown UIInterfaceOrientationLandscapeLeft UIInterfaceOrientationLandscapeRight";
				INFOPLIST_KEY_UISupportedInterfaceOrientations_iPhone = "UIInterfaceOrientationPortrait UIInterfaceOrientationLandscapeLeft UIInterfaceOrientationLandscapeRight";
				IPHONEOS_DEPLOYMENT_TARGET = 16.0;
				LD_RUNPATH_SEARCH_PATHS = (
					"$(inherited)",
					"@executable_path/Frameworks",
				);
				MARKETING_VERSION = 1.0;
				PRODUCT_BUNDLE_IDENTIFIER = k.rollsApp;
				PRODUCT_NAME = "$(TARGET_NAME)";
				SUPPORTED_PLATFORMS = "iphoneos iphonesimulator";
				SUPPORTS_MACCATALYST = NO;
				SUPPORTS_MAC_DESIGNED_FOR_IPHONE_IPAD = NO;
				SUPPORTS_XR_DESIGNED_FOR_IPHONE_IPAD = NO;
				SWIFT_EMIT_LOC_STRINGS = YES;
				SWIFT_VERSION = 5.0;
				TARGETED_DEVICE_FAMILY = 1;
			};
			name = Release;
		};
/* End XCBuildConfiguration section */

/* Begin XCConfigurationList section */
		15E908C42BBC49950086E9F5 /* Build configuration list for PBXProject "rollsApp" */ = {
			isa = XCConfigurationList;
			buildConfigurations = (
				15E908DB2BBC49970086E9F5 /* Debug */,
				15E908DC2BBC49970086E9F5 /* Release */,
			);
			defaultConfigurationIsVisible = 0;
			defaultConfigurationName = Release;
		};
		15E908DD2BBC49970086E9F5 /* Build configuration list for PBXNativeTarget "rollsApp" */ = {
			isa = XCConfigurationList;
			buildConfigurations = (
				15E908DE2BBC49970086E9F5 /* Debug */,
				15E908DF2BBC49970086E9F5 /* Release */,
			);
			defaultConfigurationIsVisible = 0;
			defaultConfigurationName = Release;
		};
/* End XCConfigurationList section */

/* Begin XCRemoteSwiftPackageReference section */
		159D8C002BCA9CF10075DCB5 /* XCRemoteSwiftPackageReference "Alamofire" */ = {
			isa = XCRemoteSwiftPackageReference;
			repositoryURL = "https://github.com/Alamofire/Alamofire";
			requirement = {
				kind = upToNextMajorVersion;
				minimumVersion = 5.9.1;
			};
		};
		159D8C032BCA9D020075DCB5 /* XCRemoteSwiftPackageReference "SnapKit" */ = {
			isa = XCRemoteSwiftPackageReference;
			repositoryURL = "https://github.com/SnapKit/SnapKit";
			requirement = {
				kind = upToNextMajorVersion;
				minimumVersion = 5.7.1;
			};
		};
		159D8C062BCA9D140075DCB5 /* XCRemoteSwiftPackageReference "AlamofireImage" */ = {
			isa = XCRemoteSwiftPackageReference;
			repositoryURL = "https://github.com/Alamofire/AlamofireImage";
			requirement = {
				kind = upToNextMajorVersion;
				minimumVersion = 4.3.0;
			};
		};
/* End XCRemoteSwiftPackageReference section */

/* Begin XCSwiftPackageProductDependency section */
		159D8C012BCA9CF10075DCB5 /* Alamofire */ = {
			isa = XCSwiftPackageProductDependency;
			package = 159D8C002BCA9CF10075DCB5 /* XCRemoteSwiftPackageReference "Alamofire" */;
			productName = Alamofire;
		};
		159D8C042BCA9D020075DCB5 /* SnapKit */ = {
			isa = XCSwiftPackageProductDependency;
			package = 159D8C032BCA9D020075DCB5 /* XCRemoteSwiftPackageReference "SnapKit" */;
			productName = SnapKit;
		};
		159D8C072BCA9D140075DCB5 /* AlamofireImage */ = {
			isa = XCSwiftPackageProductDependency;
			package = 159D8C062BCA9D140075DCB5 /* XCRemoteSwiftPackageReference "AlamofireImage" */;
			productName = AlamofireImage;
		};
/* End XCSwiftPackageProductDependency section */
	};
	rootObject = 15E908C12BBC49950086E9F5 /* Project object */;
}
